# DO NOT EDIT MANUALLY - Managed by Fern Replay
version: "1.0"
generations:
  - commit_sha: 34203357e6a50bbbac99c3e3c5a7e2570ad44460
    tree_hash: e5d8191147e434a9184b56dbe1207ced8a502262
    timestamp: 2026-08-22T07:34:40.934Z
    cli_version: unknown
    generator_versions: {}
  - commit_sha: 086d1e9a08f4700acf396775eb44918f7321f320
    tree_hash: 031d3d5a2a71c17c0c3b7c37476784e3d1468258
    timestamp: 2026-08-22T07:34:41.304Z
    cli_version: unknown
    generator_versions:
      fernapi/fern-typescript-sdk: 3.87.2
  - commit_sha: c4aa2c8fd8263194f39587b69e3dc8ec7104353d
    tree_hash: 59d941fe9ef6ad2b7df44082730b6b6510cf3836
    timestamp: 2026-08-25T01:53:28.689Z
    cli_version: unknown
    generator_versions:
      fernapi/fern-typescript-sdk: 3.87.2
  - commit_sha: 495a52a17078c5fe8128886c08750e947afd5a99
    tree_hash: 94fc1a79a0e46ec99cf69f458f7d32a108f211d0
    timestamp: 2026-08-25T06:12:46.570Z
    cli_version: unknown
    generator_versions:
      fernapi/fern-typescript-sdk: 3.87.2
  - commit_sha: 5df87f74fd2b44c40a4492d1e82128b03cadedaf
    tree_hash: f254fac1fafd6fe7cb17338e5ba0f6e48744311b
    timestamp: 2026-08-25T18:07:27.688Z
    cli_version: unknown
    generator_versions:
      fernapi/fern-typescript-sdk: 3.87.2
  - commit_sha: 4b2fd73d9e5fdeda58c78b6723638434f4cbf675
    tree_hash: 42a8227672c95d62d58c790d537464a190002074
    timestamp: 2026-08-25T22:37:21.268Z
    cli_version: unknown
    generator_versions:
      fernapi/fern-typescript-sdk: 3.87.2
current_generation: 4b2fd73d9e5fdeda58c78b6723638434f4cbf675
patches: []
