# DO NOT EDIT MANUALLY - Managed by Fern Replay
version: "1.0"
generations:
  - commit_sha: 34203357e6a50bbbac99c3e3c5a7e2570ad44460
    tree_hash: e5d8191147e434a9184b56dbe1207ced8a502262
    timestamp: 2026-08-22T07:34:40.934Z
    cli_version: unknown
    generator_versions: {}
  - commit_sha: 086d1e9a08f4700acf396775eb44918f7321f320
    tree_hash: 031d3d5a2a71c17c0c3b7c37476784e3d1468258
    timestamp: 2026-08-22T07:34:41.304Z
    cli_version: unknown
    generator_versions:
      fernapi/fern-typescript-sdk: 3.87.2
  - commit_sha: c4aa2c8fd8263194f39587b69e3dc8ec7104353d
    tree_hash: 59d941fe9ef6ad2b7df44082730b6b6510cf3836
    timestamp: 2026-08-25T01:53:28.689Z
    cli_version: unknown
    generator_versions:
      fernapi/fern-typescript-sdk: 3.87.2
  - commit_sha: 495a52a17078c5fe8128886c08750e947afd5a99
    tree_hash: 94fc1a79a0e46ec99cf69f458f7d32a108f211d0
    timestamp: 2026-08-25T06:12:46.570Z
    cli_version: unknown
    generator_versions:
      fernapi/fern-typescript-sdk: 3.87.2
  - commit_sha: 5df87f74fd2b44c40a4492d1e82128b03cadedaf
    tree_hash: f254fac1fafd6fe7cb17338e5ba0f6e48744311b
    timestamp: 2026-08-25T18:07:27.688Z
    cli_version: unknown
    generator_versions:
      fernapi/fern-typescript-sdk: 3.87.2
  - commit_sha: 4b2fd73d9e5fdeda58c78b6723638434f4cbf675
    tree_hash: 42a8227672c95d62d58c790d537464a190002074
    timestamp: 2026-08-25T22:37:21.268Z
    cli_version: unknown
    generator_versions:
      fernapi/fern-typescript-sdk: 3.87.2
  - commit_sha: 0da29fb5dd836bc38654cdee6018d137139aaf5a
    tree_hash: 9479aefc221ac81a5a286a450c9c74688d261092
    timestamp: 2026-08-25T22:53:07.640Z
    cli_version: unknown
    generator_versions:
      fernapi/fern-typescript-sdk: 3.87.2
  - commit_sha: eec54472f786f9999403adbd6c5390e3a36e4ad5
    tree_hash: f86b03cd4c8912da3748d4bafafcf72bf54efcbf
    timestamp: 2026-08-26T03:52:50.211Z
    cli_version: unknown
    generator_versions:
      fernapi/fern-typescript-sdk: 3.87.2
  - commit_sha: 4b59f3359472648cfeda1f47f9a617db873dd746
    tree_hash: c425096b322c11ecc6aa4d5f26247625590d479a
    timestamp: 2026-08-27T19:59:31.559Z
    cli_version: unknown
    generator_versions:
      fernapi/fern-typescript-sdk: 3.87.2
  - commit_sha: d89a9dac290f244757b869da7ce4d185caf96717
    tree_hash: ebe21f2b1903ad5dad87c3fb0e7bdd3dcb735a9d
    timestamp: 2026-08-27T20:14:59.218Z
    cli_version: unknown
    generator_versions:
      fernapi/fern-typescript-sdk: 3.87.2
  - commit_sha: 9af9970473331ad99ea5a01fbf6cd231f70a05ed
    tree_hash: 3ff2e4dd48d07a60e7fbe9f7255571f86ef82fed
    timestamp: 2026-08-28T17:10:38.520Z
    cli_version: unknown
    generator_versions:
      fernapi/fern-typescript-sdk: 3.87.2
  - commit_sha: 0f1135a42ae74f1fc5f4132b1337292592bed096
    tree_hash: a238688fb866bb3ddec28a93a0b7e5551024a565
    timestamp: 2026-08-31T18:17:02.298Z
    cli_version: unknown
    generator_versions:
      fernapi/fern-typescript-sdk: 3.87.2
  - commit_sha: 2be4c3f402b169129f4ef6a9b840acee555addbd
    tree_hash: a9c9843e49e65fbd42f88411e871eee533ccb533
    timestamp: 2026-09-03T00:19:51.530Z
    cli_version: unknown
    generator_versions:
      fernapi/fern-typescript-sdk: 3.87.2
  - commit_sha: 559cc22fe4de7753bf6b4b4768cc183ea075a166
    tree_hash: 1e182d5421877b2ab521f3cefe89ff8658bab8c2
    timestamp: 2026-09-03T02:30:50.092Z
    cli_version: unknown
    generator_versions:
      fernapi/fern-typescript-sdk: 3.87.2
  - commit_sha: a12479eaa75ea6becb156935b61931d4e0e71819
    tree_hash: 8f94dd04df3588b676ab68f0e42bb5ebc478aeb6
    timestamp: 2026-09-03T03:44:53.776Z
    cli_version: unknown
    generator_versions:
      fernapi/fern-typescript-sdk: 3.87.2
  - commit_sha: 0892342fb15f529bb38b5c51cc0ba164c93aafd0
    tree_hash: e7c9fbc0ada10f0696489596609841294c442c16
    timestamp: 2026-09-03T06:06:25.354Z
    cli_version: unknown
    generator_versions:
      fernapi/fern-typescript-sdk: 3.87.2
  - commit_sha: 0e43fc766c72942a48d74620ed9a57daedaabc74
    tree_hash: 4434325a4a7552c80c9ebc40a416bd306204de81
    timestamp: 2026-09-08T19:58:18.252Z
    cli_version: unknown
    generator_versions:
      fernapi/fern-typescript-sdk: 3.87.2
  - commit_sha: c3ed9b2ff2e3bee699749149c87a97df8cd5028d
    tree_hash: 482943adede413bd1c2b2397eb6b34676ea1169e
    timestamp: 2026-09-08T20:14:01.247Z
    cli_version: unknown
    generator_versions:
      fernapi/fern-typescript-sdk: 3.87.2
  - commit_sha: 6e765e8e88d8d04fe2380698aeb1b27417aa04df
    tree_hash: 0617e96542ae3be109feddb30366104caf0baf0e
    timestamp: 2026-09-10T03:53:54.770Z
    cli_version: unknown
    generator_versions:
      fernapi/fern-typescript-sdk: 3.87.2
  - commit_sha: 5c93b3538716b8924ade5f54bb910d2eeca6c586
    tree_hash: beb7f78c23483d2e22b69a8062255cdba1e679dd
    timestamp: 2026-09-10T04:41:45.456Z
    cli_version: unknown
    generator_versions:
      fernapi/fern-typescript-sdk: 3.87.2
  - commit_sha: 80099bd333f23654296ac5a4a63de8617e2308f4
    tree_hash: a4a63ab33d62de016015ef6e3656470888f9ac84
    timestamp: 2026-09-10T14:59:40.721Z
    cli_version: unknown
    generator_versions:
      fernapi/fern-typescript-sdk: 3.87.2
  - commit_sha: 55eb60ae8305516f1495fcea6ba174858e2860b9
    tree_hash: e2cc6559448e71b91bb14dbdd3eef4e70c0c3009
    timestamp: 2026-09-10T17:19:50.372Z
    cli_version: unknown
    generator_versions:
      fernapi/fern-typescript-sdk: 3.87.2
  - commit_sha: 1d2e3e68da6b7b5901ba33db97ff89657f288f1e
    tree_hash: 79cfaf0034f74ef1ede96540e9242f2dc580759c
    timestamp: 2026-09-10T18:06:11.524Z
    cli_version: unknown
    generator_versions:
      fernapi/fern-typescript-sdk: 3.87.2
  - commit_sha: 21a21868771a4289e7d7cb8f081863ed0b6173ab
    tree_hash: 91c033745b4010082def77f5e9382d8aef8f107e
    timestamp: 2026-09-10T19:20:49.116Z
    cli_version: unknown
    generator_versions:
      fernapi/fern-typescript-sdk: 3.87.2
  - commit_sha: 7db4ada70bfebbb4284ee612f74df0cbd4e27e17
    tree_hash: 39ef50a016a299b67ebbd3dd9ca39c37801e809a
    timestamp: 2026-09-10T21:13:37.485Z
    cli_version: unknown
    generator_versions:
      fernapi/fern-typescript-sdk: 3.87.2
  - commit_sha: 92a4af82d7015ab48cca4ddf0fc86e73ed3ed6b9
    tree_hash: 4291860a2e5fea8893565ba878b9aa381b2a64f2
    timestamp: 2026-09-10T21:28:18.394Z
    cli_version: unknown
    generator_versions:
      fernapi/fern-typescript-sdk: 3.87.2
  - commit_sha: cb166396308dfb411952321aa0294bc9036a8348
    tree_hash: 1716cae64958f6667640c844343658025428d0fe
    timestamp: 2026-09-10T23:11:59.607Z
    cli_version: unknown
    generator_versions:
      fernapi/fern-typescript-sdk: 3.87.2
  - commit_sha: c9b759c5bb6ef6f49e90babcd760f2ca8352a56c
    tree_hash: 46ded9f7bca6600db977263766462eea3f3d6769
    timestamp: 2026-09-10T23:40:21.611Z
    cli_version: unknown
    generator_versions:
      fernapi/fern-typescript-sdk: 3.87.2
  - commit_sha: 38588585c8a0b6da76bc1d7307c7555815cb8c32
    tree_hash: 3343572b23b9aecc70e9881fcf5dbe4de2741cd5
    timestamp: 2026-09-10T23:55:00.287Z
    cli_version: unknown
    generator_versions:
      fernapi/fern-typescript-sdk: 3.87.2
  - commit_sha: 062e448db3df92c348809a3662935b403ed49ec0
    tree_hash: fce829e4668e1189dcfcf5a8e507423a6098d08f
    timestamp: 2026-09-11T00:10:02.826Z
    cli_version: unknown
    generator_versions:
      fernapi/fern-typescript-sdk: 3.87.2
  - commit_sha: 0a30d79a6af763d2c6e9c526305d015e71b842dd
    tree_hash: 650ec39ae85791397dd3e6ab45ff3a99cfa4693a
    timestamp: 2026-09-11T00:39:32.643Z
    cli_version: unknown
    generator_versions:
      fernapi/fern-typescript-sdk: 3.87.2
  - commit_sha: 150fa870dbfd48e5a4c2b2f3da84a7a1a2f97ae9
    tree_hash: 6b7ac35a0b9f13262ea8bb2d419054cf2348f913
    timestamp: 2026-09-11T01:28:23.119Z
    cli_version: unknown
    generator_versions:
      fernapi/fern-typescript-sdk: 3.87.2
  - commit_sha: cea044e5147c3aaefed2aedafabb6159fffef6a5
    tree_hash: 50da4a5b7455766da26a441244cad44ce24cc824
    timestamp: 2026-09-11T01:56:35.835Z
    cli_version: unknown
    generator_versions:
      fernapi/fern-typescript-sdk: 3.87.2
  - commit_sha: eb6589ad3fdda087ef85b3abdef971321c6afce4
    tree_hash: 386163975a1723553a699076175a78dae7c0914b
    timestamp: 2026-09-11T03:34:43.598Z
    cli_version: unknown
    generator_versions:
      fernapi/fern-typescript-sdk: 3.87.2
  - commit_sha: ee733d43ff97ca442c36d87ab4ac2d34da19122a
    tree_hash: 652035b90285272c0c1da16d94e8c8a098e8f991
    timestamp: 2026-09-11T04:42:28.920Z
    cli_version: unknown
    generator_versions:
      fernapi/fern-typescript-sdk: 3.87.2
  - commit_sha: 3c2b9518617509cb305ed6610344d6c1f0214364
    tree_hash: 595d5665150b96e5395ea482d74712d3751d1fa9
    timestamp: 2026-09-11T04:57:22.573Z
    cli_version: unknown
    generator_versions:
      fernapi/fern-typescript-sdk: 3.87.2
  - commit_sha: dd2caeba20dc56c3a48c5b725fc15d76e263d9f0
    tree_hash: 74230e39dd0f7c6fd97880571338637d57d77726
    timestamp: 2026-09-11T05:53:03.831Z
    cli_version: unknown
    generator_versions:
      fernapi/fern-typescript-sdk: 3.87.2
  - commit_sha: 8ff68d26e8828a7c4c52b4423f4560d88a5c6614
    tree_hash: fb934106e1996b721a03ad2475f450744050b1f1
    timestamp: 2026-09-11T06:32:00.226Z
    cli_version: unknown
    generator_versions:
      fernapi/fern-typescript-sdk: 3.87.2
  - commit_sha: 7ab81b48654b97ac6877e238250fa5b6ee96d5e3
    tree_hash: 5e678e41c60cdbaa66b45752784364094e94702e
    timestamp: 2026-09-11T16:22:37.868Z
    cli_version: unknown
    generator_versions:
      fernapi/fern-typescript-sdk: 3.87.2
  - commit_sha: d2fe3ff12e3fe110310139444f1093e95d1ee394
    tree_hash: f9a9d06b9042fe1782388fbf1a9100a2c3968cda
    timestamp: 2026-09-11T17:30:28.357Z
    cli_version: unknown
    generator_versions:
      fernapi/fern-typescript-sdk: 3.87.2
  - commit_sha: 720ff3123ed1284bb6c5c869795f0ea100710dd8
    tree_hash: 3790fb994b28fd95d33b84ea25d28a7409e939c1
    timestamp: 2026-09-11T18:25:33.287Z
    cli_version: unknown
    generator_versions:
      fernapi/fern-typescript-sdk: 3.87.2
  - commit_sha: d5a44449c9edc1c9e8a6cfd539286853d449d7f5
    tree_hash: a0d20c247329ae71a8eaaa337f777856e7365a0d
    timestamp: 2026-09-11T18:51:07.071Z
    cli_version: unknown
    generator_versions:
      fernapi/fern-typescript-sdk: 3.87.2
  - commit_sha: 137b737242ac43b9b8d5cdea3555a475d43301b0
    tree_hash: 764db57856e7e141541392ed8301c9c0e95e90d0
    timestamp: 2026-09-11T19:36:10.066Z
    cli_version: unknown
    generator_versions:
      fernapi/fern-typescript-sdk: 3.87.2
  - commit_sha: 08f1dc85dfb67acdb4479508e2ba14b944fc541b
    tree_hash: cdc4433a0d9a086eb9f3c000dafacead9b7150c0
    timestamp: 2026-09-11T20:45:42.907Z
    cli_version: unknown
    generator_versions:
      fernapi/fern-typescript-sdk: 3.87.2
  - commit_sha: 5b392732b7e0d69ba638c3c1d86c648e1a2dd586
    tree_hash: 0e23bd20bd7a39c3bb53c6d9cf5db20a066448f3
    timestamp: 2026-09-11T22:02:38.403Z
    cli_version: unknown
    generator_versions:
      fernapi/fern-typescript-sdk: 3.87.2
  - commit_sha: 73ddf2b1cc6d042f4c3230ead4f0ff0a071e4cd3
    tree_hash: 6c01fa04411d64277ca0fb0febe7f6231a657b31
    timestamp: 2026-09-11T22:32:36.713Z
    cli_version: unknown
    generator_versions:
      fernapi/fern-typescript-sdk: 3.87.2
current_generation: 73ddf2b1cc6d042f4c3230ead4f0ff0a071e4cd3
patches: []
